
Microsoft Visual Studio Solution File, Format Version 12.00
# Visual Studio 15
VisualStudioVersion = 15.0.27428.2005
MinimumVisualStudioVersion = 10.0.40219.1
Project("{FAE04EC0-301F-11D3-BF4B-00C04F79EFBC}") = "DungeonMasterUtilityCore", "DungeonMasterUtility\DungeonMasterUtilityCore.csproj", "{3DCC0ECA-9CC7-4806-B0DC-BE73BD3A84CA}"
EndProject
Project("{FAE04EC0-301F-11D3-BF4B-00C04F79EFBC}") = "DungeonMasterUtility.Tests", "DungeonMasterUtility.Tests\DungeonMasterUtility.Tests.csproj", "{47FEEF3F-0375-4933-A180-00B341BC1D7E}"
EndProject
Project("{FAE04EC0-301F-11D3-BF4B-00C04F79EFBC}") = "DungeonMasterUtilityWebApp", "DungeonMasterUtilityWebApp\DungeonMasterUtilityWebApp.csproj", "{0426B5C6-441E-44D6-BFE2-FB5D5F3D14E2}"
EndProject
Global
	GlobalSection(SolutionConfigurationPlatforms) = preSolution
		Debug|Any CPU = Debug|Any CPU
		Release|Any CPU = Release|Any CPU
	EndGlobalSection
	GlobalSection(ProjectConfigurationPlatforms) = postSolution
		{3DCC0ECA-9CC7-4806-B0DC-BE73BD3A84CA}.Debug|Any CPU.ActiveCfg = Debug|Any CPU
		{3DCC0ECA-9CC7-4806-B0DC-BE73BD3A84CA}.Debug|Any CPU.Build.0 = Debug|Any CPU
		{3DCC0ECA-9CC7-4806-B0DC-BE73BD3A84CA}.Release|Any CPU.ActiveCfg = Release|Any CPU
		{3DCC0ECA-9CC7-4806-B0DC-BE73BD3A84CA}.Release|Any CPU.Build.0 = Release|Any CPU
		{47FEEF3F-0375-4933-A180-00B341BC1D7E}.Debug|Any CPU.ActiveCfg = Debug|Any CPU
		{47FEEF3F-0375-4933-A180-00B341BC1D7E}.Debug|Any CPU.Build.0 = Debug|Any CPU
		{47FEEF3F-0375-4933-A180-00B341BC1D7E}.Release|Any CPU.ActiveCfg = Release|Any CPU
		{47FEEF3F-0375-4933-A180-00B341BC1D7E}.Release|Any CPU.Build.0 = Release|Any CPU
		{0426B5C6-441E-44D6-BFE2-FB5D5F3D14E2}.Debug|Any CPU.ActiveCfg = Debug|Any CPU
		{0426B5C6-441E-44D6-BFE2-FB5D5F3D14E2}.Debug|Any CPU.Build.0 = Debug|Any CPU
		{0426B5C6-441E-44D6-BFE2-FB5D5F3D14E2}.Release|Any CPU.ActiveCfg = Release|Any CPU
		{0426B5C6-441E-44D6-BFE2-FB5D5F3D14E2}.Release|Any CPU.Build.0 = Release|Any CPU
	EndGlobalSection
	GlobalSection(SolutionProperties) = preSolution
		HideSolutionNode = FALSE
	EndGlobalSection
	GlobalSection(ExtensibilityGlobals) = postSolution
		SolutionGuid = {FFB0F303-90AB-46F1-A9DB-05DE18040255}
	EndGlobalSection
EndGlobal
